// !$*UTF8*$!
{
	archiveVersion = 1;
	classes = {
	};
	objectVersion = 56;
	objects = {

/* Begin PBXBuildFile section */
		CA0CC2132A8E40A000CE2973 /* AppDelegate.swift in Sources */ = {isa = PBXBuildFile; fileRef = CA0CC2122A8E40A000CE2973 /* AppDelegate.swift */; };
		CA0CC2152A8E40A000CE2973 /* SceneDelegate.swift in Sources */ = {isa = PBXBuildFile; fileRef = CA0CC2142A8E40A000CE2973 /* SceneDelegate.swift */; };
		CA0CC2172A8E40A000CE2973 /* CharactersViewController.swift in Sources */ = {isa = PBXBuildFile; fileRef = CA0CC2162A8E40A000CE2973 /* CharactersViewController.swift */; };
		CA0CC21C2A8E40A100CE2973 /* Assets.xcassets in Resources */ = {isa = PBXBuildFile; fileRef = CA0CC21B2A8E40A100CE2973 /* Assets.xcassets */; };
		CA0CC21F2A8E40A100CE2973 /* LaunchScreen.storyboard in Resources */ = {isa = PBXBuildFile; fileRef = CA0CC21D2A8E40A100CE2973 /* LaunchScreen.storyboard */; };
		CA0CC22A2A8E40A100CE2973 /* RickAndMortyAppTests.swift in Sources */ = {isa = PBXBuildFile; fileRef = CA0CC2292A8E40A100CE2973 /* RickAndMortyAppTests.swift */; };
		CA0CC2342A8E40A100CE2973 /* RickAndMortyAppUITests.swift in Sources */ = {isa = PBXBuildFile; fileRef = CA0CC2332A8E40A100CE2973 /* RickAndMortyAppUITests.swift */; };
		CA0CC2362A8E40A100CE2973 /* RickAndMortyAppUITestsLaunchTests.swift in Sources */ = {isa = PBXBuildFile; fileRef = CA0CC2352A8E40A100CE2973 /* RickAndMortyAppUITestsLaunchTests.swift */; };
		CA0CC2472A8E42F000CE2973 /* BaseCollectionViewCell.swift in Sources */ = {isa = PBXBuildFile; fileRef = CA0CC2462A8E42F000CE2973 /* BaseCollectionViewCell.swift */; };
		CA0CC24A2A8E431B00CE2973 /* UIColorExtension.swift in Sources */ = {isa = PBXBuildFile; fileRef = CA0CC2492A8E431B00CE2973 /* UIColorExtension.swift */; };
		CA0CC24C2A8E5EA500CE2973 /* CharactersCollectionViewCell.swift in Sources */ = {isa = PBXBuildFile; fileRef = CA0CC24B2A8E5EA500CE2973 /* CharactersCollectionViewCell.swift */; };
		CA0CC2542A8E689100CE2973 /* DataManager.swift in Sources */ = {isa = PBXBuildFile; fileRef = CA0CC2532A8E689100CE2973 /* DataManager.swift */; };
		CA0CC2562A8E6A2F00CE2973 /* Characters.swift in Sources */ = {isa = PBXBuildFile; fileRef = CA0CC2552A8E6A2F00CE2973 /* Characters.swift */; };
		CA1573D82A8F7F1300495DF6 /* PhotoAndNameCollectionViewCell.swift in Sources */ = {isa = PBXBuildFile; fileRef = CA1573D72A8F7F1300495DF6 /* PhotoAndNameCollectionViewCell.swift */; };
		CA1573DA2A8F834000495DF6 /* HeaderCollectionViewCell.swift in Sources */ = {isa = PBXBuildFile; fileRef = CA1573D92A8F834000495DF6 /* HeaderCollectionViewCell.swift */; };
		CA1573DC2A8F846000495DF6 /* InfoCollectionViewCell.swift in Sources */ = {isa = PBXBuildFile; fileRef = CA1573DB2A8F846000495DF6 /* InfoCollectionViewCell.swift */; };
		CA66B8582A8E9EA50038DEB5 /* DetailsViewController.swift in Sources */ = {isa = PBXBuildFile; fileRef = CA66B8572A8E9EA50038DEB5 /* DetailsViewController.swift */; };
		CA66B85B2A8EAB550038DEB5 /* DetailsModel.swift in Sources */ = {isa = PBXBuildFile; fileRef = CA66B85A2A8EAB550038DEB5 /* DetailsModel.swift */; };
/* End PBXBuildFile section */

/* Begin PBXContainerItemProxy section */
		CA0CC2262A8E40A100CE2973 /* PBXContainerItemProxy */ = {
			isa = PBXContainerItemProxy;
			containerPortal = CA0CC2072A8E40A000CE2973 /* Project object */;
			proxyType = 1;
			remoteGlobalIDString = CA0CC20E2A8E40A000CE2973;
			remoteInfo = RickAndMortyApp;
		};
		CA0CC2302A8E40A100CE2973 /* PBXContainerItemProxy */ = {
			isa = PBXContainerItemProxy;
			containerPortal = CA0CC2072A8E40A000CE2973 /* Project object */;
			proxyType = 1;
			remoteGlobalIDString = CA0CC20E2A8E40A000CE2973;
			remoteInfo = RickAndMortyApp;
		};
/* End PBXContainerItemProxy section */

/* Begin PBXFileReference section */
		CA0CC20F2A8E40A000CE2973 /* RickAndMortyApp.app */ = {isa = PBXFileReference; explicitFileType = wrapper.application; includeInIndex = 0; path = RickAndMortyApp.app; sourceTree = BUILT_PRODUCTS_DIR; };
		CA0CC2122A8E40A000CE2973 /* AppDelegate.swift */ = {isa = PBXFileReference; lastKnownFileType = sourcecode.swift; path = AppDelegate.swift; sourceTree = "<group>"; };
		CA0CC2142A8E40A000CE2973 /* SceneDelegate.swift */ = {isa = PBXFileReference; lastKnownFileType = sourcecode.swift; path = SceneDelegate.swift; sourceTree = "<group>"; };
		CA0CC2162A8E40A000CE2973 /* CharactersViewController.swift */ = {isa = PBXFileReference; lastKnownFileType = sourcecode.swift; path = CharactersViewController.swift; sourceTree = "<group>"; };
		CA0CC21B2A8E40A100CE2973 /* Assets.xcassets */ = {isa = PBXFileReference; lastKnownFileType = folder.assetcatalog; path = Assets.xcassets; sourceTree = "<group>"; };
		CA0CC21E2A8E40A100CE2973 /* Base */ = {isa = PBXFileReference; lastKnownFileType = file.storyboard; name = Base; path = Base.lproj/LaunchScreen.storyboard; sourceTree = "<group>"; };
		CA0CC2202A8E40A100CE2973 /* Info.plist */ = {isa = PBXFileReference; lastKnownFileType = text.plist.xml; path = Info.plist; sourceTree = "<group>"; };
		CA0CC2252A8E40A100CE2973 /* RickAndMortyAppTests.xctest */ = {isa = PBXFileReference; explicitFileType = wrapper.cfbundle; includeInIndex = 0; path = RickAndMortyAppTests.xctest; sourceTree = BUILT_PRODUCTS_DIR; };
		CA0CC2292A8E40A100CE2973 /* RickAndMortyAppTests.swift */ = {isa = PBXFileReference; lastKnownFileType = sourcecode.swift; path = RickAndMortyAppTests.swift; sourceTree = "<group>"; };
		CA0CC22F2A8E40A100CE2973 /* RickAndMortyAppUITests.xctest */ = {isa = PBXFileReference; explicitFileType = wrapper.cfbundle; includeInIndex = 0; path = RickAndMortyAppUITests.xctest; sourceTree = BUILT_PRODUCTS_DIR; };
		CA0CC2332A8E40A100CE2973 /* RickAndMortyAppUITests.swift */ = {isa = PBXFileReference; lastKnownFileType = sourcecode.swift; path = RickAndMortyAppUITests.swift; sourceTree = "<group>"; };
		CA0CC2352A8E40A100CE2973 /* RickAndMortyAppUITestsLaunchTests.swift */ = {isa = PBXFileReference; lastKnownFileType = sourcecode.swift; path = RickAndMortyAppUITestsLaunchTests.swift; sourceTree = "<group>"; };
		CA0CC2462A8E42F000CE2973 /* BaseCollectionViewCell.swift */ = {isa = PBXFileReference; fileEncoding = 4; lastKnownFileType = sourcecode.swift; path = BaseCollectionViewCell.swift; sourceTree = "<group>"; };
		CA0CC2492A8E431B00CE2973 /* UIColorExtension.swift */ = {isa = PBXFileReference; fileEncoding = 4; lastKnownFileType = sourcecode.swift; path = UIColorExtension.swift; sourceTree = "<group>"; };
		CA0CC24B2A8E5EA500CE2973 /* CharactersCollectionViewCell.swift */ = {isa = PBXFileReference; lastKnownFileType = sourcecode.swift; path = CharactersCollectionViewCell.swift; sourceTree = "<group>"; };
		CA0CC2532A8E689100CE2973 /* DataManager.swift */ = {isa = PBXFileReference; fileEncoding = 4; lastKnownFileType = sourcecode.swift; path = DataManager.swift; sourceTree = "<group>"; };
		CA0CC2552A8E6A2F00CE2973 /* Characters.swift */ = {isa = PBXFileReference; lastKnownFileType = sourcecode.swift; path = Characters.swift; sourceTree = "<group>"; };
		CA1573D72A8F7F1300495DF6 /* PhotoAndNameCollectionViewCell.swift */ = {isa = PBXFileReference; lastKnownFileType = sourcecode.swift; path = PhotoAndNameCollectionViewCell.swift; sourceTree = "<group>"; };
		CA1573D92A8F834000495DF6 /* HeaderCollectionViewCell.swift */ = {isa = PBXFileReference; lastKnownFileType = sourcecode.swift; path = HeaderCollectionViewCell.swift; sourceTree = "<group>"; };
		CA1573DB2A8F846000495DF6 /* InfoCollectionViewCell.swift */ = {isa = PBXFileReference; lastKnownFileType = sourcecode.swift; path = InfoCollectionViewCell.swift; sourceTree = "<group>"; };
		CA66B8572A8E9EA50038DEB5 /* DetailsViewController.swift */ = {isa = PBXFileReference; lastKnownFileType = sourcecode.swift; path = DetailsViewController.swift; sourceTree = "<group>"; };
		CA66B85A2A8EAB550038DEB5 /* DetailsModel.swift */ = {isa = PBXFileReference; lastKnownFileType = sourcecode.swift; path = DetailsModel.swift; sourceTree = "<group>"; };
/* End PBXFileReference section */

/* Begin PBXFrameworksBuildPhase section */
		CA0CC20C2A8E40A000CE2973 /* Frameworks */ = {
			isa = PBXFrameworksBuildPhase;
			buildActionMask = 2147483647;
			files = (
			);
			runOnlyForDeploymentPostprocessing = 0;
		};
		CA0CC2222A8E40A100CE2973 /* Frameworks */ = {
			isa = PBXFrameworksBuildPhase;
			buildActionMask = 2147483647;
			files = (
			);
			runOnlyForDeploymentPostprocessing = 0;
		};
		CA0CC22C2A8E40A100CE2973 /* Frameworks */ = {
			isa = PBXFrameworksBuildPhase;
			buildActionMask = 2147483647;
			files = (
			);
			runOnlyForDeploymentPostprocessing = 0;
		};
/* End PBXFrameworksBuildPhase section */

/* Begin PBXGroup section */
		CA0CC2062A8E40A000CE2973 = {
			isa = PBXGroup;
			children = (
				CA0CC2112A8E40A000CE2973 /* RickAndMortyApp */,
				CA0CC2282A8E40A100CE2973 /* RickAndMortyAppTests */,
				CA0CC2322A8E40A100CE2973 /* RickAndMortyAppUITests */,
				CA0CC2102A8E40A000CE2973 /* Products */,
			);
			sourceTree = "<group>";
		};
		CA0CC2102A8E40A000CE2973 /* Products */ = {
			isa = PBXGroup;
			children = (
				CA0CC20F2A8E40A000CE2973 /* RickAndMortyApp.app */,
				CA0CC2252A8E40A100CE2973 /* RickAndMortyAppTests.xctest */,
				CA0CC22F2A8E40A100CE2973 /* RickAndMortyAppUITests.xctest */,
			);
			name = Products;
			sourceTree = "<group>";
		};
		CA0CC2112A8E40A000CE2973 /* RickAndMortyApp */ = {
			isa = PBXGroup;
			children = (
				CA0CC2122A8E40A000CE2973 /* AppDelegate.swift */,
				CA0CC2142A8E40A000CE2973 /* SceneDelegate.swift */,
				CA0CC2482A8E431B00CE2973 /* Extension */,
				CA0CC2452A8E427B00CE2973 /* Base */,
				CA0CC2522A8E689100CE2973 /* DataManager */,
				CA0CC2422A8E421800CE2973 /* Modules */,
				CA0CC21B2A8E40A100CE2973 /* Assets.xcassets */,
				CA0CC21D2A8E40A100CE2973 /* LaunchScreen.storyboard */,
				CA0CC2202A8E40A100CE2973 /* Info.plist */,
			);
			path = RickAndMortyApp;
			sourceTree = "<group>";
		};
		CA0CC2282A8E40A100CE2973 /* RickAndMortyAppTests */ = {
			isa = PBXGroup;
			children = (
				CA0CC2292A8E40A100CE2973 /* RickAndMortyAppTests.swift */,
			);
			path = RickAndMortyAppTests;
			sourceTree = "<group>";
		};
		CA0CC2322A8E40A100CE2973 /* RickAndMortyAppUITests */ = {
			isa = PBXGroup;
			children = (
				CA0CC2332A8E40A100CE2973 /* RickAndMortyAppUITests.swift */,
				CA0CC2352A8E40A100CE2973 /* RickAndMortyAppUITestsLaunchTests.swift */,
			);
			path = RickAndMortyAppUITests;
			sourceTree = "<group>";
		};
		CA0CC2422A8E421800CE2973 /* Modules */ = {
			isa = PBXGroup;
			children = (
				CA0CC2432A8E425D00CE2973 /* Characters */,
				CA0CC2442A8E426600CE2973 /* Detailes */,
			);
			path = Modules;
			sourceTree = "<group>";
		};
		CA0CC2432A8E425D00CE2973 /* Characters */ = {
			isa = PBXGroup;
			children = (
				CA0CC2162A8E40A000CE2973 /* CharactersViewController.swift */,
				CA0CC24D2A8E640F00CE2973 /* Cell */,
				CA0CC2502A8E663100CE2973 /* Model */,
			);
			path = Characters;
			sourceTree = "<group>";
		};
		CA0CC2442A8E426600CE2973 /* Detailes */ = {
			isa = PBXGroup;
			children = (
				CA66B8572A8E9EA50038DEB5 /* DetailsViewController.swift */,
				CA1573D62A8F7EF100495DF6 /* Cell */,
				CA66B8592A8EAB3A0038DEB5 /* DetailsModel */,
			);
			path = Detailes;
			sourceTree = "<group>";
		};
		CA0CC2452A8E427B00CE2973 /* Base */ = {
			isa = PBXGroup;
			children = (
				CA0CC2462A8E42F000CE2973 /* BaseCollectionViewCell.swift */,
			);
			path = Base;
			sourceTree = "<group>";
		};
		CA0CC2482A8E431B00CE2973 /* Extension */ = {
			isa = PBXGroup;
			children = (
				CA0CC2492A8E431B00CE2973 /* UIColorExtension.swift */,
			);
			path = Extension;
			sourceTree = "<group>";
		};
		CA0CC24D2A8E640F00CE2973 /* Cell */ = {
			isa = PBXGroup;
			children = (
				CA0CC24B2A8E5EA500CE2973 /* CharactersCollectionViewCell.swift */,
			);
			path = Cell;
			sourceTree = "<group>";
		};
		CA0CC2502A8E663100CE2973 /* Model */ = {
			isa = PBXGroup;
			children = (
				CA0CC2552A8E6A2F00CE2973 /* Characters.swift */,
			);
			path = Model;
			sourceTree = "<group>";
		};
		CA0CC2522A8E689100CE2973 /* DataManager */ = {
			isa = PBXGroup;
			children = (
				CA0CC2532A8E689100CE2973 /* DataManager.swift */,
			);
			path = DataManager;
			sourceTree = "<group>";
		};
		CA1573D62A8F7EF100495DF6 /* Cell */ = {
			isa = PBXGroup;
			children = (
				CA1573D72A8F7F1300495DF6 /* PhotoAndNameCollectionViewCell.swift */,
				CA1573D92A8F834000495DF6 /* HeaderCollectionViewCell.swift */,
				CA1573DB2A8F846000495DF6 /* InfoCollectionViewCell.swift */,
			);
			path = Cell;
			sourceTree = "<group>";
		};
		CA66B8592A8EAB3A0038DEB5 /* DetailsModel */ = {
			isa = PBXGroup;
			children = (
				CA66B85A2A8EAB550038DEB5 /* DetailsModel.swift */,
			);
			path = DetailsModel;
			sourceTree = "<group>";
		};
/* End PBXGroup section */

/* Begin PBXNativeTarget section */
		CA0CC20E2A8E40A000CE2973 /* RickAndMortyApp */ = {
			isa = PBXNativeTarget;
			buildConfigurationList = CA0CC2392A8E40A100CE2973 /* Build configuration list for PBXNativeTarget "RickAndMortyApp" */;
			buildPhases = (
				CA0CC20B2A8E40A000CE2973 /* Sources */,
				CA0CC20C2A8E40A000CE2973 /* Frameworks */,
				CA0CC20D2A8E40A000CE2973 /* Resources */,
			);
			buildRules = (
			);
			dependencies = (
			);
			name = RickAndMortyApp;
			productName = RickAndMortyApp;
			productReference = CA0CC20F2A8E40A000CE2973 /* RickAndMortyApp.app */;
			productType = "com.apple.product-type.application";
		};
		CA0CC2242A8E40A100CE2973 /* RickAndMortyAppTests */ = {
			isa = PBXNativeTarget;
			buildConfigurationList = CA0CC23C2A8E40A100CE2973 /* Build configuration list for PBXNativeTarget "RickAndMortyAppTests" */;
			buildPhases = (
				CA0CC2212A8E40A100CE2973 /* Sources */,
				CA0CC2222A8E40A100CE2973 /* Frameworks */,
				CA0CC2232A8E40A100CE2973 /* Resources */,
			);
			buildRules = (
			);
			dependencies = (
				CA0CC2272A8E40A100CE2973 /* PBXTargetDependency */,
			);
			name = RickAndMortyAppTests;
			productName = RickAndMortyAppTests;
			productReference = CA0CC2252A8E40A100CE2973 /* RickAndMortyAppTests.xctest */;
			productType = "com.apple.product-type.bundle.unit-test";
		};
		CA0CC22E2A8E40A100CE2973 /* RickAndMortyAppUITests */ = {
			isa = PBXNativeTarget;
			buildConfigurationList = CA0CC23F2A8E40A100CE2973 /* Build configuration list for PBXNativeTarget "RickAndMortyAppUITests" */;
			buildPhases = (
				CA0CC22B2A8E40A100CE2973 /* Sources */,
				CA0CC22C2A8E40A100CE2973 /* Frameworks */,
				CA0CC22D2A8E40A100CE2973 /* Resources */,
			);
			buildRules = (
			);
			dependencies = (
				CA0CC2312A8E40A100CE2973 /* PBXTargetDependency */,
			);
			name = RickAndMortyAppUITests;
			productName = RickAndMortyAppUITests;
			productReference = CA0CC22F2A8E40A100CE2973 /* RickAndMortyAppUITests.xctest */;
			productType = "com.apple.product-type.bundle.ui-testing";
		};
/* End PBXNativeTarget section */

/* Begin PBXProject section */
		CA0CC2072A8E40A000CE2973 /* Project object */ = {
			isa = PBXProject;
			attributes = {
				BuildIndependentTargetsInParallel = 1;
				LastSwiftUpdateCheck = 1430;
				LastUpgradeCheck = 1430;
				TargetAttributes = {
					CA0CC20E2A8E40A000CE2973 = {
						CreatedOnToolsVersion = 14.3;
					};
					CA0CC2242A8E40A100CE2973 = {
						CreatedOnToolsVersion = 14.3;
						TestTargetID = CA0CC20E2A8E40A000CE2973;
					};
					CA0CC22E2A8E40A100CE2973 = {
						CreatedOnToolsVersion = 14.3;
						TestTargetID = CA0CC20E2A8E40A000CE2973;
					};
				};
			};
			buildConfigurationList = CA0CC20A2A8E40A000CE2973 /* Build configuration list for PBXProject "RickAndMortyApp" */;
			compatibilityVersion = "Xcode 14.0";
			developmentRegion = en;
			hasScannedForEncodings = 0;
			knownRegions = (
				en,
				Base,
			);
			mainGroup = CA0CC2062A8E40A000CE2973;
			productRefGroup = CA0CC2102A8E40A000CE2973 /* Products */;
			projectDirPath = "";
			projectRoot = "";
			targets = (
				CA0CC20E2A8E40A000CE2973 /* RickAndMortyApp */,
				CA0CC2242A8E40A100CE2973 /* RickAndMortyAppTests */,
				CA0CC22E2A8E40A100CE2973 /* RickAndMortyAppUITests */,
			);
		};
/* End PBXProject section */

/* Begin PBXResourcesBuildPhase section */
		CA0CC20D2A8E40A000CE2973 /* Resources */ = {
			isa = PBXResourcesBuildPhase;
			buildActionMask = 2147483647;
			files = (
				CA0CC21F2A8E40A100CE2973 /* LaunchScreen.storyboard in Resources */,
				CA0CC21C2A8E40A100CE2973 /* Assets.xcassets in Resources */,
			);
			runOnlyForDeploymentPostprocessing = 0;
		};
		CA0CC2232A8E40A100CE2973 /* Resources */ = {
			isa = PBXResourcesBuildPhase;
			buildActionMask = 2147483647;
			files = (
			);
			runOnlyForDeploymentPostprocessing = 0;
		};
		CA0CC22D2A8E40A100CE2973 /* Resources */ = {
			isa = PBXResourcesBuildPhase;
			buildActionMask = 2147483647;
			files = (
			);
			runOnlyForDeploymentPostprocessing = 0;
		};
/* End PBXResourcesBuildPhase section */

/* Begin PBXSourcesBuildPhase section */
		CA0CC20B2A8E40A000CE2973 /* Sources */ = {
			isa = PBXSourcesBuildPhase;
			buildActionMask = 2147483647;
			files = (
				CA0CC2172A8E40A000CE2973 /* CharactersViewController.swift in Sources */,
				CA0CC2472A8E42F000CE2973 /* BaseCollectionViewCell.swift in Sources */,
				CA66B8582A8E9EA50038DEB5 /* DetailsViewController.swift in Sources */,
				CA1573D82A8F7F1300495DF6 /* PhotoAndNameCollectionViewCell.swift in Sources */,
				CA0CC24A2A8E431B00CE2973 /* UIColorExtension.swift in Sources */,
				CA0CC2562A8E6A2F00CE2973 /* Characters.swift in Sources */,
				CA0CC2542A8E689100CE2973 /* DataManager.swift in Sources */,
				CA0CC2132A8E40A000CE2973 /* AppDelegate.swift in Sources */,
				CA0CC24C2A8E5EA500CE2973 /* CharactersCollectionViewCell.swift in Sources */,
				CA1573DC2A8F846000495DF6 /* InfoCollectionViewCell.swift in Sources */,
				CA1573DA2A8F834000495DF6 /* HeaderCollectionViewCell.swift in Sources */,
				CA66B85B2A8EAB550038DEB5 /* DetailsModel.swift in Sources */,
				CA0CC2152A8E40A000CE2973 /* SceneDelegate.swift in Sources */,
			);
			runOnlyForDeploymentPostprocessing = 0;
		};
		CA0CC2212A8E40A100CE2973 /* Sources */ = {
			isa = PBXSourcesBuildPhase;
			buildActionMask = 2147483647;
			files = (
				CA0CC22A2A8E40A100CE2973 /* RickAndMortyAppTests.swift in Sources */,
			);
			runOnlyForDeploymentPostprocessing = 0;
		};
		CA0CC22B2A8E40A100CE2973 /* Sources */ = {
			isa = PBXSourcesBuildPhase;
			buildActionMask = 2147483647;
			files = (
				CA0CC2342A8E40A100CE2973 /* RickAndMortyAppUITests.swift in Sources */,
				CA0CC2362A8E40A100CE2973 /* RickAndMortyAppUITestsLaunchTests.swift in Sources */,
			);
			runOnlyForDeploymentPostprocessing = 0;
		};
/* End PBXSourcesBuildPhase section */

/* Begin PBXTargetDependency section */
		CA0CC2272A8E40A100CE2973 /* PBXTargetDependency */ = {
			isa = PBXTargetDependency;
			target = CA0CC20E2A8E40A000CE2973 /* RickAndMortyApp */;
			targetProxy = CA0CC2262A8E40A100CE2973 /* PBXContainerItemProxy */;
		};
		CA0CC2312A8E40A100CE2973 /* PBXTargetDependency */ = {
			isa = PBXTargetDependency;
			target = CA0CC20E2A8E40A000CE2973 /* RickAndMortyApp */;
			targetProxy = CA0CC2302A8E40A100CE2973 /* PBXContainerItemProxy */;
		};
/* End PBXTargetDependency section */

/* Begin PBXVariantGroup section */
		CA0CC21D2A8E40A100CE2973 /* LaunchScreen.storyboard */ = {
			isa = PBXVariantGroup;
			children = (
				CA0CC21E2A8E40A100CE2973 /* Base */,
			);
			name = LaunchScreen.storyboard;
			sourceTree = "<group>";
		};
/* End PBXVariantGroup section */

/* Begin XCBuildConfiguration section */
		CA0CC2372A8E40A100CE2973 /* Debug */ = {
			isa = XCBuildConfiguration;
			buildSettings = {
				ALWAYS_SEARCH_USER_PATHS = NO;
				CLANG_ANALYZER_NONNULL = YES;
				CLANG_ANALYZER_NUMBER_OBJECT_CONVERSION = YES_AGGRESSIVE;
				CLANG_CXX_LANGUAGE_STANDARD = "gnu++20";
				CLANG_ENABLE_MODULES = YES;
				CLANG_ENABLE_OBJC_ARC = YES;
				CLANG_ENABLE_OBJC_WEAK = YES;
				CLANG_WARN_BLOCK_CAPTURE_AUTORELEASING = YES;
				CLANG_WARN_BOOL_CONVERSION = YES;
				CLANG_WARN_COMMA = YES;
				CLANG_WARN_CONSTANT_CONVERSION = YES;
				CLANG_WARN_DEPRECATED_OBJC_IMPLEMENTATIONS = YES;
				CLANG_WARN_DIRECT_OBJC_ISA_USAGE = YES_ERROR;
				CLANG_WARN_DOCUMENTATION_COMMENTS = YES;
				CLANG_WARN_EMPTY_BODY = YES;
				CLANG_WARN_ENUM_CONVERSION = YES;
				CLANG_WARN_INFINITE_RECURSION = YES;
				CLANG_WARN_INT_CONVERSION = YES;
				CLANG_WARN_NON_LITERAL_NULL_CONVERSION = YES;
				CLANG_WARN_OBJC_IMPLICIT_RETAIN_SELF = YES;
				CLANG_WARN_OBJC_LITERAL_CONVERSION = YES;
				CLANG_WARN_OBJC_ROOT_CLASS = YES_ERROR;
				CLANG_WARN_QUOTED_INCLUDE_IN_FRAMEWORK_HEADER = YES;
				CLANG_WARN_RANGE_LOOP_ANALYSIS = YES;
				CLANG_WARN_STRICT_PROTOTYPES = YES;
				CLANG_WARN_SUSPICIOUS_MOVE = YES;
				CLANG_WARN_UNGUARDED_AVAILABILITY = YES_AGGRESSIVE;
				CLANG_WARN_UNREACHABLE_CODE = YES;
				CLANG_WARN__DUPLICATE_METHOD_MATCH = YES;
				COPY_PHASE_STRIP = NO;
				DEBUG_INFORMATION_FORMAT = dwarf;
				ENABLE_STRICT_OBJC_MSGSEND = YES;
				ENABLE_TESTABILITY = YES;
				GCC_C_LANGUAGE_STANDARD = gnu11;
				GCC_DYNAMIC_NO_PIC = NO;
				GCC_NO_COMMON_BLOCKS = YES;
				GCC_OPTIMIZATION_LEVEL = 0;
				GCC_PREPROCESSOR_DEFINITIONS = (
					"DEBUG=1",
					"$(inherited)",
				);
				GCC_WARN_64_TO_32_BIT_CONVERSION = YES;
				GCC_WARN_ABOUT_RETURN_TYPE = YES_ERROR;
				GCC_WARN_UNDECLARED_SELECTOR = YES;
				GCC_WARN_UNINITIALIZED_AUTOS = YES_AGGRESSIVE;
				GCC_WARN_UNUSED_FUNCTION = YES;
				GCC_WARN_UNUSED_VARIABLE = YES;
				IPHONEOS_DEPLOYMENT_TARGET = 16.4;
				MTL_ENABLE_DEBUG_INFO = INCLUDE_SOURCE;
				MTL_FAST_MATH = YES;
				ONLY_ACTIVE_ARCH = YES;
				SDKROOT = iphoneos;
				SWIFT_ACTIVE_COMPILATION_CONDITIONS = DEBUG;
				SWIFT_OPTIMIZATION_LEVEL = "-Onone";
			};
			name = Debug;
		};
		CA0CC2382A8E40A100CE2973 /* Release */ = {
			isa = XCBuildConfiguration;
			buildSettings = {
				ALWAYS_SEARCH_USER_PATHS = NO;
				CLANG_ANALYZER_NONNULL = YES;
				CLANG_ANALYZER_NUMBER_OBJECT_CONVERSION = YES_AGGRESSIVE;
				CLANG_CXX_LANGUAGE_STANDARD = "gnu++20";
				CLANG_ENABLE_MODULES = YES;
				CLANG_ENABLE_OBJC_ARC = YES;
				CLANG_ENABLE_OBJC_WEAK = YES;
				CLANG_WARN_BLOCK_CAPTURE_AUTORELEASING = YES;
				CLANG_WARN_BOOL_CONVERSION = YES;
				CLANG_WARN_COMMA = YES;
				CLANG_WARN_CONSTANT_CONVERSION = YES;
				CLANG_WARN_DEPRECATED_OBJC_IMPLEMENTATIONS = YES;
				CLANG_WARN_DIRECT_OBJC_ISA_USAGE = YES_ERROR;
				CLANG_WARN_DOCUMENTATION_COMMENTS = YES;
				CLANG_WARN_EMPTY_BODY = YES;
				CLANG_WARN_ENUM_CONVERSION = YES;
				CLANG_WARN_INFINITE_RECURSION = YES;
				CLANG_WARN_INT_CONVERSION = YES;
				CLANG_WARN_NON_LITERAL_NULL_CONVERSION = YES;
				CLANG_WARN_OBJC_IMPLICIT_RETAIN_SELF = YES;
				CLANG_WARN_OBJC_LITERAL_CONVERSION = YES;
				CLANG_WARN_OBJC_ROOT_CLASS = YES_ERROR;
				CLANG_WARN_QUOTED_INCLUDE_IN_FRAMEWORK_HEADER = YES;
				CLANG_WARN_RANGE_LOOP_ANALYSIS = YES;
				CLANG_WARN_STRICT_PROTOTYPES = YES;
				CLANG_WARN_SUSPICIOUS_MOVE = YES;
				CLANG_WARN_UNGUARDED_AVAILABILITY = YES_AGGRESSIVE;
				CLANG_WARN_UNREACHABLE_CODE = YES;
				CLANG_WARN__DUPLICATE_METHOD_MATCH = YES;
				COPY_PHASE_STRIP = NO;
				DEBUG_INFORMATION_FORMAT = "dwarf-with-dsym";
				ENABLE_NS_ASSERTIONS = NO;
				ENABLE_STRICT_OBJC_MSGSEND = YES;
				GCC_C_LANGUAGE_STANDARD = gnu11;
				GCC_NO_COMMON_BLOCKS = YES;
				GCC_WARN_64_TO_32_BIT_CONVERSION = YES;
				GCC_WARN_ABOUT_RETURN_TYPE = YES_ERROR;
				GCC_WARN_UNDECLARED_SELECTOR = YES;
				GCC_WARN_UNINITIALIZED_AUTOS = YES_AGGRESSIVE;
				GCC_WARN_UNUSED_FUNCTION = YES;
				GCC_WARN_UNUSED_VARIABLE = YES;
				IPHONEOS_DEPLOYMENT_TARGET = 16.4;
				MTL_ENABLE_DEBUG_INFO = NO;
				MTL_FAST_MATH = YES;
				SDKROOT = iphoneos;
				SWIFT_COMPILATION_MODE = wholemodule;
				SWIFT_OPTIMIZATION_LEVEL = "-O";
				VALIDATE_PRODUCT = YES;
			};
			name = Release;
		};
		CA0CC23A2A8E40A100CE2973 /* Debug */ = {
			isa = XCBuildConfiguration;
			buildSettings = {
				ASSETCATALOG_COMPILER_APPICON_NAME = AppIcon;
				ASSETCATALOG_COMPILER_GLOBAL_ACCENT_COLOR_NAME = AccentColor;
				CODE_SIGN_STYLE = Automatic;
				CURRENT_PROJECT_VERSION = 1;
				DEVELOPMENT_TEAM = WB3Y8FF57H;
				GENERATE_INFOPLIST_FILE = YES;
				INFOPLIST_FILE = RickAndMortyApp/Info.plist;
				INFOPLIST_KEY_UIApplicationSupportsIndirectInputEvents = YES;
				INFOPLIST_KEY_UILaunchStoryboardName = LaunchScreen;
				INFOPLIST_KEY_UISupportedInterfaceOrientations_iPad = "UIInterfaceOrientationPortrait UIInterfaceOrientationPortraitUpsideDown UIInterfaceOrientationLandscapeLeft UIInterfaceOrientationLandscapeRight";
				INFOPLIST_KEY_UISupportedInterfaceOrientations_iPhone = "UIInterfaceOrientationPortrait UIInterfaceOrientationLandscapeLeft UIInterfaceOrientationLandscapeRight";
				LD_RUNPATH_SEARCH_PATHS = (
					"$(inherited)",
					"@executable_path/Frameworks",
				);
				MARKETING_VERSION = 1.0;
				PRODUCT_BUNDLE_IDENTIFIER = yuliasimanavets.RickAndMortyApp;
				PRODUCT_NAME = "$(TARGET_NAME)";
				SWIFT_EMIT_LOC_STRINGS = YES;
				SWIFT_VERSION = 5.0;
				TARGETED_DEVICE_FAMILY = "1,2";
			};
			name = Debug;
		};
		CA0CC23B2A8E40A100CE2973 /* Release */ = {
			isa = XCBuildConfiguration;
			buildSettings = {
				ASSETCATALOG_COMPILER_APPICON_NAME = AppIcon;
				ASSETCATALOG_COMPILER_GLOBAL_ACCENT_COLOR_NAME = AccentColor;
				CODE_SIGN_STYLE = Automatic;
				CURRENT_PROJECT_VERSION = 1;
				DEVELOPMENT_TEAM = WB3Y8FF57H;
				GENERATE_INFOPLIST_FILE = YES;
				INFOPLIST_FILE = RickAndMortyApp/Info.plist;
				INFOPLIST_KEY_UIApplicationSupportsIndirectInputEvents = YES;
				INFOPLIST_KEY_UILaunchStoryboardName = LaunchScreen;
				INFOPLIST_KEY_UISupportedInterfaceOrientations_iPad = "UIInterfaceOrientationPortrait UIInterfaceOrientationPortraitUpsideDown UIInterfaceOrientationLandscapeLeft UIInterfaceOrientationLandscapeRight";
				INFOPLIST_KEY_UISupportedInterfaceOrientations_iPhone = "UIInterfaceOrientationPortrait UIInterfaceOrientationLandscapeLeft UIInterfaceOrientationLandscapeRight";
				LD_RUNPATH_SEARCH_PATHS = (
					"$(inherited)",
					"@executable_path/Frameworks",
				);
				MARKETING_VERSION = 1.0;
				PRODUCT_BUNDLE_IDENTIFIER = yuliasimanavets.RickAndMortyApp;
				PRODUCT_NAME = "$(TARGET_NAME)";
				SWIFT_EMIT_LOC_STRINGS = YES;
				SWIFT_VERSION = 5.0;
				TARGETED_DEVICE_FAMILY = "1,2";
			};
			name = Release;
		};
		CA0CC23D2A8E40A100CE2973 /* Debug */ = {
			isa = XCBuildConfiguration;
			buildSettings = {
				ALWAYS_EMBED_SWIFT_STANDARD_LIBRARIES = YES;
				BUNDLE_LOADER = "$(TEST_HOST)";
				CODE_SIGN_STYLE = Automatic;
				CURRENT_PROJECT_VERSION = 1;
				DEVELOPMENT_TEAM = WB3Y8FF57H;
				GENERATE_INFOPLIST_FILE = YES;
				IPHONEOS_DEPLOYMENT_TARGET = 16.4;
				MARKETING_VERSION = 1.0;
				PRODUCT_BUNDLE_IDENTIFIER = yuliasimanavets.RickAndMortyAppTests;
				PRODUCT_NAME = "$(TARGET_NAME)";
				SWIFT_EMIT_LOC_STRINGS = NO;
				SWIFT_VERSION = 5.0;
				TARGETED_DEVICE_FAMILY = "1,2";
				TEST_HOST = "$(BUILT_PRODUCTS_DIR)/RickAndMortyApp.app/$(BUNDLE_EXECUTABLE_FOLDER_PATH)/RickAndMortyApp";
			};
			name = Debug;
		};
		CA0CC23E2A8E40A100CE2973 /* Release */ = {
			isa = XCBuildConfiguration;
			buildSettings = {
				ALWAYS_EMBED_SWIFT_STANDARD_LIBRARIES = YES;
				BUNDLE_LOADER = "$(TEST_HOST)";
				CODE_SIGN_STYLE = Automatic;
				CURRENT_PROJECT_VERSION = 1;
				DEVELOPMENT_TEAM = WB3Y8FF57H;
				GENERATE_INFOPLIST_FILE = YES;
				IPHONEOS_DEPLOYMENT_TARGET = 16.4;
				MARKETING_VERSION = 1.0;
				PRODUCT_BUNDLE_IDENTIFIER = yuliasimanavets.RickAndMortyAppTests;
				PRODUCT_NAME = "$(TARGET_NAME)";
				SWIFT_EMIT_LOC_STRINGS = NO;
				SWIFT_VERSION = 5.0;
				TARGETED_DEVICE_FAMILY = "1,2";
				TEST_HOST = "$(BUILT_PRODUCTS_DIR)/RickAndMortyApp.app/$(BUNDLE_EXECUTABLE_FOLDER_PATH)/RickAndMortyApp";
			};
			name = Release;
		};
		CA0CC2402A8E40A100CE2973 /* Debug */ = {
			isa = XCBuildConfiguration;
			buildSettings = {
				ALWAYS_EMBED_SWIFT_STANDARD_LIBRARIES = YES;
				CODE_SIGN_STYLE = Automatic;
				CURRENT_PROJECT_VERSION = 1;
				DEVELOPMENT_TEAM = WB3Y8FF57H;
				GENERATE_INFOPLIST_FILE = YES;
				MARKETING_VERSION = 1.0;
				PRODUCT_BUNDLE_IDENTIFIER = yuliasimanavets.RickAndMortyAppUITests;
				PRODUCT_NAME = "$(TARGET_NAME)";
				SWIFT_EMIT_LOC_STRINGS = NO;
				SWIFT_VERSION = 5.0;
				TARGETED_DEVICE_FAMILY = "1,2";
				TEST_TARGET_NAME = RickAndMortyApp;
			};
			name = Debug;
		};
		CA0CC2412A8E40A100CE2973 /* Release */ = {
			isa = XCBuildConfiguration;
			buildSettings = {
				ALWAYS_EMBED_SWIFT_STANDARD_LIBRARIES = YES;
				CODE_SIGN_STYLE = Automatic;
				CURRENT_PROJECT_VERSION = 1;
				DEVELOPMENT_TEAM = WB3Y8FF57H;
				GENERATE_INFOPLIST_FILE = YES;
				MARKETING_VERSION = 1.0;
				PRODUCT_BUNDLE_IDENTIFIER = yuliasimanavets.RickAndMortyAppUITests;
				PRODUCT_NAME = "$(TARGET_NAME)";
				SWIFT_EMIT_LOC_STRINGS = NO;
				SWIFT_VERSION = 5.0;
				TARGETED_DEVICE_FAMILY = "1,2";
				TEST_TARGET_NAME = RickAndMortyApp;
			};
			name = Release;
		};
/* End XCBuildConfiguration section */

/* Begin XCConfigurationList section */
		CA0CC20A2A8E40A000CE2973 /* Build configuration list for PBXProject "RickAndMortyApp" */ = {
			isa = XCConfigurationList;
			buildConfigurations = (
				CA0CC2372A8E40A100CE2973 /* Debug */,
				CA0CC2382A8E40A100CE2973 /* Release */,
			);
			defaultConfigurationIsVisible = 0;
			defaultConfigurationName = Release;
		};
		CA0CC2392A8E40A100CE2973 /* Build configuration list for PBXNativeTarget "RickAndMortyApp" */ = {
			isa = XCConfigurationList;
			buildConfigurations = (
				CA0CC23A2A8E40A100CE2973 /* Debug */,
				CA0CC23B2A8E40A100CE2973 /* Release */,
			);
			defaultConfigurationIsVisible = 0;
			defaultConfigurationName = Release;
		};
		CA0CC23C2A8E40A100CE2973 /* Build configuration list for PBXNativeTarget "RickAndMortyAppTests" */ = {
			isa = XCConfigurationList;
			buildConfigurations = (
				CA0CC23D2A8E40A100CE2973 /* Debug */,
				CA0CC23E2A8E40A100CE2973 /* Release */,
			);
			defaultConfigurationIsVisible = 0;
			defaultConfigurationName = Release;
		};
		CA0CC23F2A8E40A100CE2973 /* Build configuration list for PBXNativeTarget "RickAndMortyAppUITests" */ = {
			isa = XCConfigurationList;
			buildConfigurations = (
				CA0CC2402A8E40A100CE2973 /* Debug */,
				CA0CC2412A8E40A100CE2973 /* Release */,
			);
			defaultConfigurationIsVisible = 0;
			defaultConfigurationName = Release;
		};
/* End XCConfigurationList section */
	};
	rootObject = CA0CC2072A8E40A000CE2973 /* Project object */;
}
